lockfileVersion: '9.0'

settings:
  autoInstallPeers: true
  excludeLinksFromLockfile: false

importers:

  packages/wakatimejs: {}

  packages/wcli:
    dependencies:
      '@opentf/cli-pbar':
        specifier: ^0.7.2
        version: 0.7.2
      cmd-ts:
        specifier: ^0.13.0
        version: 0.13.0
      plimit-lit:
        specifier: ^2.1.0
        version: 2.1.0
      wakatimejs:
        specifier: workspace:1.0.0
        version: link:../wakatimejs

packages:

  '@opentf/cli-pbar@0.7.2':
    resolution: {integrity: sha512-1367ENsch7Ybs0dFMhTkPU3cQNETl/F9bETgJc1TeKUaZG61Fhs+rsIlm8eVtEd2qC3z0bYaZ3b5Bpehcr7C1Q==}

  '@opentf/cli-styles@0.15.0':
    resolution: {integrity: sha512-7eETZJLNCyOq6sX4W5up8l1IdTu0sf1qDdsBJ2KHx9u4rh3drFmMgF1ZoZ92K9oCiqzKAGqpCCjuasnRWbNLOw==}

  '@opentf/std@0.3.0':
    resolution: {integrity: sha512-8Dtm0NqgoRi30FAUORo74SEruw2t2YlICxUy9nRpozzpbORCu4drpcAUq4stLsUY0bGHmFSZfZGpdA3wFamcwg==}

  '@opentf/std@0.5.1':
    resolution: {integrity: sha512-WIK/3Zwg8t6XeI3CJEEbK6wrC/uPkR7dk2DNWAhXqfql7NBCPjTb4NdXNSyChqMRY1qk+6E4/l32MaXk9x7+zA==}

  ansi-regex@5.0.1:
    resolution: {integrity: sha512-quJQXlTSUGL2LH9SUXo8VwsY4soanhgo6LNSm84E1LBcE8s3O0wpdiRzyR9z/ZZJMlMWv37qOOb9pdJlMUEKFQ==}
    engines: {node: '>=8'}

  ansi-styles@4.3.0:
    resolution: {integrity: sha512-zbB9rCJAT1rbjiVDb2hqKFHNYLxgtk8NURxZ3IZwD3F6NtxbXZQCnnSi1Lkx+IDohdPlFp222wVALIheZJQSEg==}
    engines: {node: '>=8'}

  chalk@4.1.2:
    resolution: {integrity: sha512-oKnbhFyRIXpUuez8iBMmyEa4nbj4IOQyuhc/wy9kY7/WVPcwIO9VA668Pu8RkO7+0G76SLROeyw9CpQ061i4mA==}
    engines: {node: '>=10'}

  cmd-ts@0.13.0:
    resolution: {integrity: sha512-nsnxf6wNIM/JAS7T/x/1JmbEsjH0a8tezXqqpaL0O6+eV0/aDEnRxwjxpu0VzDdRcaC1ixGSbRlUuf/IU59I4g==}

  color-convert@2.0.1:
    resolution: {integrity: sha512-RRECPsj7iu/xb5oKYcsFHSppFNnsj/52OVTRKb4zP5onXwVF3zVmmToNcOfGC+CRDpfK/U584fMg38ZHCaElKQ==}
    engines: {node: '>=7.0.0'}

  color-name@1.1.4:
    resolution: {integrity: sha512-dOy+3AuW3a2wNbZHIuMZpTcgjGuLU/uBL/ubcZF9OXbDo8ff4O8yVp5Bf0efS8uEoYo5q4Fx7dY9OgQGXgAsQA==}

  debug@4.3.4:
    resolution: {integrity: sha512-PRWFHuSU3eDtQJPvnNY7Jcket1j0t5OuOsFzPPzsekD52Zl8qUfFIPEiswXqIvHWGVHOgX+7G/vCNNhehwxfkQ==}
    engines: {node: '>=6.0'}
    peerDependencies:
      supports-color: '*'
    peerDependenciesMeta:
      supports-color:
        optional: true

  didyoumean@1.2.2:
    resolution: {integrity: sha512-gxtyfqMg7GKyhQmb056K7M3xszy/myH8w+B4RT+QXBQsvAOdc3XymqDDPHx1BgPgsdAA5SIifona89YtRATDzw==}

  has-flag@4.0.0:
    resolution: {integrity: sha512-EykJT/Q1KjTWctppgIAgfSO0tKVuZUjhgMr17kqTumMl6Afv3EISleU7qZUzoXDFTAHTDC4NOoG/ZxU3EvlMPQ==}
    engines: {node: '>=8'}

  ms@2.1.2:
    resolution: {integrity: sha512-sGkPx+VjMtmA6MX27oA4FBFELFCZZ4S4XqeGOXCv68tT+jb3vk/RyaKWP0PTKyWtmLSM0b+adUTEvbs1PEaH2w==}

  plimit-lit@2.1.0:
    resolution: {integrity: sha512-aYt4ZmCCAFzQWR+O65bFFvXp25bzNW4KcA3vCehyhkhTJJohxt9znBSywt7nz33HYi/tXCwzBN8lobUQxBykOA==}
    engines: {node: '>=18'}

  queue-lit@2.0.0:
    resolution: {integrity: sha512-yZZxBNpsBSvNNGd4n2WC4jh7LZ3Qhdk+kZ2Ig97AeoADWInOzjhng85qNZ4FvotbuRikfZz5vQcObMuRRpiWdg==}
    engines: {node: '>=18'}

  strip-ansi@6.0.1:
    resolution: {integrity: sha512-Y38VPSHcqkFrCpFnQ9vuSXmquuv5oXOKpGeT6aGrr3o3Gc9AlVa6JBfUSOCnbxGGZF+/0ooI7KrPuUSztUdU5A==}
    engines: {node: '>=8'}

  supports-color@7.2.0:
    resolution: {integrity: sha512-qpCAvRl9stuOHveKsn7HncJRvv501qIacKzQlO/+Lwxc9+0q2wLyv4Dfvt80/DPn2pqOBsJdDiogXGR9+OvwRw==}
    engines: {node: '>=8'}

snapshots:

  '@opentf/cli-pbar@0.7.2':
    dependencies:
      '@opentf/cli-styles': 0.15.0
      '@opentf/std': 0.5.1

  '@opentf/cli-styles@0.15.0':
    dependencies:
      '@opentf/std': 0.3.0

  '@opentf/std@0.3.0': {}

  '@opentf/std@0.5.1': {}

  ansi-regex@5.0.1: {}

  ansi-styles@4.3.0:
    dependencies:
      color-convert: 2.0.1

  chalk@4.1.2:
    dependencies:
      ansi-styles: 4.3.0
      supports-color: 7.2.0

  cmd-ts@0.13.0:
    dependencies:
      chalk: 4.1.2
      debug: 4.3.4
      didyoumean: 1.2.2
      strip-ansi: 6.0.1
    transitivePeerDependencies:
      - supports-color

  color-convert@2.0.1:
    dependencies:
      color-name: 1.1.4

  color-name@1.1.4: {}

  debug@4.3.4:
    dependencies:
      ms: 2.1.2

  didyoumean@1.2.2: {}

  has-flag@4.0.0: {}

  ms@2.1.2: {}

  plimit-lit@2.1.0:
    dependencies:
      queue-lit: 2.0.0

  queue-lit@2.0.0: {}

  strip-ansi@6.0.1:
    dependencies:
      ansi-regex: 5.0.1

  supports-color@7.2.0:
    dependencies:
      has-flag: 4.0.0
